<?xml version="1.0" encoding="utf-8"?>
<Project ToolsVersion="4.0" xmlns="http://schemas.microsoft.com/developer/msbuild/2003">
  <ItemGroup>
    <Filter Include="Source Files">
      <UniqueIdentifier>{4be6c839-0e8f-4680-a273-ceefd683db1d}</UniqueIdentifier>
      <Extensions>cpp;c;cxx;rc;def;r;odl;idl;hpj;bat</Extensions>
    </Filter>
    <Filter Include="Header Files">
      <UniqueIdentifier>{c4761f84-a43a-415a-9987-877e00965038}</UniqueIdentifier>
      <Extensions>h;hpp;hxx;hm;inl</Extensions>
    </Filter>
    <Filter Include="Resource Files">
      <UniqueIdentifier>{242d8d39-595f-48f6-b2d8-244068285830}</UniqueIdentifier>
      <Extensions>ico;cur;bmp;dlg;rc2;rct;bin;rgs;gif;jpg;jpeg;jpe</Extensions>
    </Filter>
  </ItemGroup>
  <ItemGroup>
    <ClCompile Include="..\ClipboardBackup.cpp">
      <Filter>Source Files</Filter>
    </ClCompile>
    <ClCompile Include="..\DialogList.cpp">
      <Filter>Source Files</Filter>
    </ClCompile>
    <ClCompile Include="..\DialogName.cpp">
      <Filter>Source Files</Filter>
    </ClCompile>
    <ClCompile Include="..\DlgAbout.cpp">
      <Filter>Source Files</Filter>
    </ClCompile>
    <ClCompile Include="..\DlgAddWord.cpp">
      <Filter>Source Files</Filter>
    </ClCompile>
    <ClCompile Include="..\DlgColors.cpp">
      <Filter>Source Files</Filter>
    </ClCompile>
    <ClCompile Include="..\DlgEditDict.cpp">
      <Filter>Source Files</Filter>
    </ClCompile>
    <ClCompile Include="..\DlgEditWord.cpp">
      <Filter>Source Files</Filter>
    </ClCompile>
    <ClCompile Include="..\DlgOptions.cpp">
      <Filter>Source Files</Filter>
    </ClCompile>
    <ClCompile Include="..\DlgPrograms.cpp">
      <Filter>Source Files</Filter>
    </ClCompile>
    <ClCompile Include="..\HyperLink.cpp">
      <Filter>Source Files</Filter>
    </ClCompile>
    <ClCompile Include="..\ListBoxWords.cpp">
      <Filter>Source Files</Filter>
    </ClCompile>
    <ClCompile Include="..\ListWords.cpp">
      <Filter>Source Files</Filter>
    </ClCompile>
    <ClCompile Include="..\QuickInput.cpp">
      <Filter>Source Files</Filter>
    </ClCompile>
    <ClCompile Include="..\QuickInputDlg.cpp">
      <Filter>Source Files</Filter>
    </ClCompile>
    <ClCompile Include="..\StdAfx.cpp">
      <Filter>Source Files</Filter>
    </ClCompile>
  </ItemGroup>
  <ItemGroup>
    <ClInclude Include="..\DialogList.h">
      <Filter>Header Files</Filter>
    </ClInclude>
    <ClInclude Include="..\DialogName.h">
      <Filter>Header Files</Filter>
    </ClInclude>
    <ClInclude Include="..\DlgAbout.h">
      <Filter>Header Files</Filter>
    </ClInclude>
    <ClInclude Include="..\DlgColors.h">
      <Filter>Header Files</Filter>
    </ClInclude>
    <ClInclude Include="..\DlgEditDict.h">
      <Filter>Header Files</Filter>
    </ClInclude>
    <ClInclude Include="..\DlgOptions.h">
      <Filter>Header Files</Filter>
    </ClInclude>
    <ClInclude Include="..\DlgPrograms.h">
      <Filter>Header Files</Filter>
    </ClInclude>
    <ClInclude Include="..\ListBoxWords.h">
      <Filter>Header Files</Filter>
    </ClInclude>
    <ClInclude Include="..\ListWords.h">
      <Filter>Header Files</Filter>
    </ClInclude>
    <ClInclude Include="..\QuickInput.h">
      <Filter>Header Files</Filter>
    </ClInclude>
    <ClInclude Include="..\QuickInputDlg.h">
      <Filter>Header Files</Filter>
    </ClInclude>
    <ClInclude Include="..\Resource.h">
      <Filter>Header Files</Filter>
    </ClInclude>
    <ClInclude Include="..\StdAfx.h">
      <Filter>Header Files</Filter>
    </ClInclude>
  </ItemGroup>
  <ItemGroup>
    <None Include="..\res\colors.ico">
      <Filter>Resource Files</Filter>
    </None>
    <None Include="..\res\config.ico">
      <Filter>Resource Files</Filter>
    </None>
    <None Include="..\res\editdict.ico">
      <Filter>Resource Files</Filter>
    </None>
    <None Include="..\res\ie.ico">
      <Filter>Resource Files</Filter>
    </None>
    <None Include="..\res\info.ico">
      <Filter>Resource Files</Filter>
    </None>
    <None Include="..\res\logo.bmp">
      <Filter>Resource Files</Filter>
    </None>
    <None Include="..\res\programs.ico">
      <Filter>Resource Files</Filter>
    </None>
    <None Include="..\res\QuickInput.ico">
      <Filter>Resource Files</Filter>
    </None>
    <None Include="..\res\QuickInput.rc2">
      <Filter>Resource Files</Filter>
    </None>
    <None Include="..\res\tray_256.ico">
      <Filter>Resource Files</Filter>
    </None>
    <None Include="..\res\tray_32bpp.ico">
      <Filter>Resource Files</Filter>
    </None>
    <None Include="..\res\tray_256_gr.ico">
      <Filter>Resource Files</Filter>
    </None>
    <None Include="..\res\tray_32bpp_gr.ico">
      <Filter>Resource Files</Filter>
    </None>
  </ItemGroup>
  <ItemGroup>
    <ResourceCompile Include="..\QuickInput.rc">
      <Filter>Resource Files</Filter>
    </ResourceCompile>
  </ItemGroup>
</Project>